
Microsoft Visual Studio Solution File, Format Version 12.00
# Visual Studio Version 17
VisualStudioVersion = 17.9.34728.123
MinimumVisualStudioVersion = 10.0.40219.1
Project("{FAE04EC0-301F-11D3-BF4B-00C04F79EFBC}") = "APIsLibrary", "APIsLibrary\APIsLibrary.csproj", "{BF8D0055-2804-4139-A343-00D1E550D906}"
EndProject
Global
	GlobalSection(SolutionConfigurationPlatforms) = preSolution
		Debug|Any CPU = Debug|Any CPU
		Release|Any CPU = Release|Any CPU
	EndGlobalSection
	GlobalSection(ProjectConfigurationPlatforms) = postSolution
		{BF8D0055-2804-4139-A343-00D1E550D906}.Debug|Any CPU.ActiveCfg = Debug|Any CPU
		{BF8D0055-2804-4139-A343-00D1E550D906}.Debug|Any CPU.Build.0 = Debug|Any CPU
		{BF8D0055-2804-4139-A343-00D1E550D906}.Release|Any CPU.ActiveCfg = Release|Any CPU
		{BF8D0055-2804-4139-A343-00D1E550D906}.Release|Any CPU.Build.0 = Release|Any CPU
	EndGlobalSection
	GlobalSection(SolutionProperties) = preSolution
		HideSolutionNode = FALSE
	EndGlobalSection
	GlobalSection(ExtensibilityGlobals) = postSolution
		SolutionGuid = {975E464E-463B-4B74-935E-14253E4D38B9}
	EndGlobalSection
EndGlobal
